
Microsoft Visual Studio Solution File, Format Version 12.00
# Visual Studio Version 16
VisualStudioVersion = 16.0.31402.337
MinimumVisualStudioVersion = 10.0.40219.1
Project("{FAE04EC0-301F-11D3-BF4B-00C04F79EFBC}") = "Lesson_7_HW_and_EX", "Lesson_7_HW_and_EX\Lesson_7_HW_and_EX.csproj", "{F585F92B-CB9C-47BC-B1D9-60D00047AEED}"
EndProject
Global
	GlobalSection(SolutionConfigurationPlatforms) = preSolution
		Debug|Any CPU = Debug|Any CPU
		Release|Any CPU = Release|Any CPU
	EndGlobalSection
	GlobalSection(ProjectConfigurationPlatforms) = postSolution
		{F585F92B-CB9C-47BC-B1D9-60D00047AEED}.Debug|Any CPU.ActiveCfg = Debug|Any CPU
		{F585F92B-CB9C-47BC-B1D9-60D00047AEED}.Debug|Any CPU.Build.0 = Debug|Any CPU
		{F585F92B-CB9C-47BC-B1D9-60D00047AEED}.Release|Any CPU.ActiveCfg = Release|Any CPU
		{F585F92B-CB9C-47BC-B1D9-60D00047AEED}.Release|Any CPU.Build.0 = Release|Any CPU
	EndGlobalSection
	GlobalSection(SolutionProperties) = preSolution
		HideSolutionNode = FALSE
	EndGlobalSection
	GlobalSection(ExtensibilityGlobals) = postSolution
		SolutionGuid = {025413B3-5959-4F7F-AD41-8E6EA752C32E}
	EndGlobalSection
EndGlobal
